
Microsoft Visual Studio Solution File, Format Version 12.00
# Visual Studio Version 16
VisualStudioVersion = 16.0.31205.134
MinimumVisualStudioVersion = 10.0.40219.1
Project("{2150E333-8FDC-42A3-9474-1A3956D46DE8}") = "src", "src", "{EFBDD7D7-5705-477C-9D71-84E0620691C7}"
EndProject
Project("{2150E333-8FDC-42A3-9474-1A3956D46DE8}") = "Core", "Core", "{92B66962-AD52-434D-B867-B2C86BDA3501}"
EndProject
Project("{2150E333-8FDC-42A3-9474-1A3956D46DE8}") = "Infrastructure", "Infrastructure", "{74363C11-A81A-43F2-8380-776698243FDA}"
EndProject
Project("{2150E333-8FDC-42A3-9474-1A3956D46DE8}") = "test", "test", "{6C96071D-27D7-49D0-8C9C-4B036EED6253}"
EndProject
Project("{2150E333-8FDC-42A3-9474-1A3956D46DE8}") = "API", "API", "{31F30646-7779-44A3-8AA7-C25F39965F00}"
EndProject
Project("{2150E333-8FDC-42A3-9474-1A3956D46DE8}") = "UI", "UI", "{8712FF1D-179E-470C-9B4D-A3C4ABD0EC84}"
EndProject
Project("{FAE04EC0-301F-11D3-BF4B-00C04F79EFBC}") = "BS.Domain", "BS.Domain\BS.Domain.csproj", "{35325B96-D98E-4E52-B178-5570D551B427}"
EndProject
Project("{FAE04EC0-301F-11D3-BF4B-00C04F79EFBC}") = "BS.Application", "BS.Application\BS.Application.csproj", "{23D06E81-03B8-4DE7-B567-5B1827F062EB}"
EndProject
Project("{FAE04EC0-301F-11D3-BF4B-00C04F79EFBC}") = "BS.Infrastructure.Data", "BS.Infrastructure.Data\BS.Infrastructure.Data.csproj", "{8394E5B6-AF44-47D3-A2D8-63ABAE82EFF4}"
EndProject
Project("{FAE04EC0-301F-11D3-BF4B-00C04F79EFBC}") = "BS.Infrastructure.Shared", "BS.Infrastructure.Shared\BS.Infrastructure.Shared.csproj", "{3D1E86D6-C041-491E-953B-27371AD4E8A8}"
EndProject
Global
	GlobalSection(SolutionConfigurationPlatforms) = preSolution
		Debug|Any CPU = Debug|Any CPU
		Release|Any CPU = Release|Any CPU
	EndGlobalSection
	GlobalSection(ProjectConfigurationPlatforms) = postSolution
		{35325B96-D98E-4E52-B178-5570D551B427}.Debug|Any CPU.ActiveCfg = Debug|Any CPU
		{35325B96-D98E-4E52-B178-5570D551B427}.Debug|Any CPU.Build.0 = Debug|Any CPU
		{35325B96-D98E-4E52-B178-5570D551B427}.Release|Any CPU.ActiveCfg = Release|Any CPU
		{35325B96-D98E-4E52-B178-5570D551B427}.Release|Any CPU.Build.0 = Release|Any CPU
		{23D06E81-03B8-4DE7-B567-5B1827F062EB}.Debug|Any CPU.ActiveCfg = Debug|Any CPU
		{23D06E81-03B8-4DE7-B567-5B1827F062EB}.Debug|Any CPU.Build.0 = Debug|Any CPU
		{23D06E81-03B8-4DE7-B567-5B1827F062EB}.Release|Any CPU.ActiveCfg = Release|Any CPU
		{23D06E81-03B8-4DE7-B567-5B1827F062EB}.Release|Any CPU.Build.0 = Release|Any CPU
		{8394E5B6-AF44-47D3-A2D8-63ABAE82EFF4}.Debug|Any CPU.ActiveCfg = Debug|Any CPU
		{8394E5B6-AF44-47D3-A2D8-63ABAE82EFF4}.Debug|Any CPU.Build.0 = Debug|Any CPU
		{8394E5B6-AF44-47D3-A2D8-63ABAE82EFF4}.Release|Any CPU.ActiveCfg = Release|Any CPU
		{8394E5B6-AF44-47D3-A2D8-63ABAE82EFF4}.Release|Any CPU.Build.0 = Release|Any CPU
		{3D1E86D6-C041-491E-953B-27371AD4E8A8}.Debug|Any CPU.ActiveCfg = Debug|Any CPU
		{3D1E86D6-C041-491E-953B-27371AD4E8A8}.Debug|Any CPU.Build.0 = Debug|Any CPU
		{3D1E86D6-C041-491E-953B-27371AD4E8A8}.Release|Any CPU.ActiveCfg = Release|Any CPU
		{3D1E86D6-C041-491E-953B-27371AD4E8A8}.Release|Any CPU.Build.0 = Release|Any CPU
	EndGlobalSection
	GlobalSection(SolutionProperties) = preSolution
		HideSolutionNode = FALSE
	EndGlobalSection
	GlobalSection(NestedProjects) = preSolution
		{92B66962-AD52-434D-B867-B2C86BDA3501} = {EFBDD7D7-5705-477C-9D71-84E0620691C7}
		{74363C11-A81A-43F2-8380-776698243FDA} = {EFBDD7D7-5705-477C-9D71-84E0620691C7}
		{31F30646-7779-44A3-8AA7-C25F39965F00} = {EFBDD7D7-5705-477C-9D71-84E0620691C7}
		{8712FF1D-179E-470C-9B4D-A3C4ABD0EC84} = {EFBDD7D7-5705-477C-9D71-84E0620691C7}
		{35325B96-D98E-4E52-B178-5570D551B427} = {92B66962-AD52-434D-B867-B2C86BDA3501}
		{23D06E81-03B8-4DE7-B567-5B1827F062EB} = {92B66962-AD52-434D-B867-B2C86BDA3501}
		{8394E5B6-AF44-47D3-A2D8-63ABAE82EFF4} = {74363C11-A81A-43F2-8380-776698243FDA}
		{3D1E86D6-C041-491E-953B-27371AD4E8A8} = {74363C11-A81A-43F2-8380-776698243FDA}
	EndGlobalSection
	GlobalSection(ExtensibilityGlobals) = postSolution
		SolutionGuid = {F5BE9CD7-ACF4-4285-9CD4-D34CE9672E27}
	EndGlobalSection
EndGlobal
